{
  "lockfileVersion": 1,
  "configVersion": 0,
  "workspaces": {
    "": {
      "name": "pyaot-tokenizer-bench",
      "dependencies": {
        "@anthropic-ai/tokenizer": "^0.0.4",
        "ai-tokenizer": "^1.0.4",
        "gpt-tokenizer": "^3.4.0",
        "tiktoken": "^1.0.22",
      },
    },
  },
  "packages": {
    "@anthropic-ai/tokenizer": ["@anthropic-ai/tokenizer@0.0.4", "", { "dependencies": { "@types/node": "^18.11.18", "tiktoken": "^1.0.10" } }, "sha512-EHRKbxlxlc8W4KCBEseByJ7YwyYCmgu9OyN59H9+IYIGPoKv8tXyQXinkeGDI+cI8Tiuz9wk2jZb/kK7AyvL7g=="],

    "@types/node": ["@types/node@18.19.130", "", { "dependencies": { "undici-types": "~5.26.4" } }, "sha512-GRaXQx6jGfL8sKfaIDD6OupbIHBr9jv7Jnaml9tB7l4v068PAOXqfcujMMo5PhbIs6ggR1XODELqahT2R8v0fg=="],

    "ai-tokenizer": ["ai-tokenizer@1.0.4", "", { "peerDependencies": { "ai": "^5.0.0" }, "optionalPeers": ["ai"] }, "sha512-BHOUljsmH0SEO9bULQL3sz6pJ4jv00r+NHxX3kR6tn1suAAj6DDN4njSk+sqCOI5Cm6FqizUhDfoYZ0R+5/WVQ=="],

    "gpt-tokenizer": ["gpt-tokenizer@3.4.0", "", {}, "sha512-wxFLnhIXTDjYebd9A9pGl3e31ZpSypbpIJSOswbgop5jLte/AsZVDvjlbEuVFlsqZixVKqbcoNmRlFDf6pz/UQ=="],

    "tiktoken": ["tiktoken@1.0.22", "", {}, "sha512-PKvy1rVF1RibfF3JlXBSP0Jrcw2uq3yXdgcEXtKTYn3QJ/cBRBHDnrJ5jHky+MENZ6DIPwNUGWpkVx+7joCpNA=="],

    "undici-types": ["undici-types@5.26.5", "", {}, "sha512-JlCMO+ehdEIKqlFxk6IfVoAUVmgz7cU7zD/h9XZ0qzeosSHmUJVOzSQvvYSYWXkFXC+IfLKSIffhv0sVZup6pA=="],
  }
}
